
Microsoft Visual Studio Solution File, Format Version 12.00
# Visual Studio Version 16
VisualStudioVersion = 16.0.31205.134
MinimumVisualStudioVersion = 10.0.40219.1
Project("{FAE04EC0-301F-11D3-BF4B-00C04F79EFBC}") = "TheFountainOfObjects", "TheFountainOfObjects.csproj", "{FF5A3C1C-3A48-4A0F-8F22-F5F443666ED9}"
EndProject
Global
	GlobalSection(SolutionConfigurationPlatforms) = preSolution
		Debug|Any CPU = Debug|Any CPU
		Release|Any CPU = Release|Any CPU
	EndGlobalSection
	GlobalSection(ProjectConfigurationPlatforms) = postSolution
		{FF5A3C1C-3A48-4A0F-8F22-F5F443666ED9}.Debug|Any CPU.ActiveCfg = Debug|Any CPU
		{FF5A3C1C-3A48-4A0F-8F22-F5F443666ED9}.Debug|Any CPU.Build.0 = Debug|Any CPU
		{FF5A3C1C-3A48-4A0F-8F22-F5F443666ED9}.Release|Any CPU.ActiveCfg = Release|Any CPU
		{FF5A3C1C-3A48-4A0F-8F22-F5F443666ED9}.Release|Any CPU.Build.0 = Release|Any CPU
	EndGlobalSection
	GlobalSection(SolutionProperties) = preSolution
		HideSolutionNode = FALSE
	EndGlobalSection
	GlobalSection(ExtensibilityGlobals) = postSolution
		SolutionGuid = {D2E8FF6B-8877-4854-ACAA-075ED0D26BF4}
	EndGlobalSection
EndGlobal
