
Microsoft Visual Studio Solution File, Format Version 12.00
# Visual Studio Version 16
VisualStudioVersion = 16.0.31205.134
MinimumVisualStudioVersion = 10.0.40219.1
Project("{FAE04EC0-301F-11D3-BF4B-00C04F79EFBC}") = "ThePrototype", "ThePrototype.csproj", "{95302CB4-1453-4C19-9B3F-1AFA58EB30FF}"
EndProject
Global
	GlobalSection(SolutionConfigurationPlatforms) = preSolution
		Debug|Any CPU = Debug|Any CPU
		Release|Any CPU = Release|Any CPU
	EndGlobalSection
	GlobalSection(ProjectConfigurationPlatforms) = postSolution
		{95302CB4-1453-4C19-9B3F-1AFA58EB30FF}.Debug|Any CPU.ActiveCfg = Debug|Any CPU
		{95302CB4-1453-4C19-9B3F-1AFA58EB30FF}.Debug|Any CPU.Build.0 = Debug|Any CPU
		{95302CB4-1453-4C19-9B3F-1AFA58EB30FF}.Release|Any CPU.ActiveCfg = Release|Any CPU
		{95302CB4-1453-4C19-9B3F-1AFA58EB30FF}.Release|Any CPU.Build.0 = Release|Any CPU
	EndGlobalSection
	GlobalSection(SolutionProperties) = preSolution
		HideSolutionNode = FALSE
	EndGlobalSection
	GlobalSection(ExtensibilityGlobals) = postSolution
		SolutionGuid = {08D8FA22-701F-4467-A84B-A7E3D259260B}
	EndGlobalSection
EndGlobal
