
Microsoft Visual Studio Solution File, Format Version 12.00
# Visual Studio Version 16
VisualStudioVersion = 16.0.31205.134
MinimumVisualStudioVersion = 10.0.40219.1
Project("{FAE04EC0-301F-11D3-BF4B-00C04F79EFBC}") = "HuntingTheManticore", "HuntingTheManticore.csproj", "{C7D3CDD8-5375-4193-B3AB-65A2CA98A597}"
EndProject
Global
	GlobalSection(SolutionConfigurationPlatforms) = preSolution
		Debug|Any CPU = Debug|Any CPU
		Release|Any CPU = Release|Any CPU
	EndGlobalSection
	GlobalSection(ProjectConfigurationPlatforms) = postSolution
		{C7D3CDD8-5375-4193-B3AB-65A2CA98A597}.Debug|Any CPU.ActiveCfg = Debug|Any CPU
		{C7D3CDD8-5375-4193-B3AB-65A2CA98A597}.Debug|Any CPU.Build.0 = Debug|Any CPU
		{C7D3CDD8-5375-4193-B3AB-65A2CA98A597}.Release|Any CPU.ActiveCfg = Release|Any CPU
		{C7D3CDD8-5375-4193-B3AB-65A2CA98A597}.Release|Any CPU.Build.0 = Release|Any CPU
	EndGlobalSection
	GlobalSection(SolutionProperties) = preSolution
		HideSolutionNode = FALSE
	EndGlobalSection
	GlobalSection(ExtensibilityGlobals) = postSolution
		SolutionGuid = {52716B8F-F0D4-469D-8311-ED5243E6227D}
	EndGlobalSection
EndGlobal
