
Microsoft Visual Studio Solution File, Format Version 12.00
# Visual Studio Version 16
VisualStudioVersion = 16.0.31205.134
MinimumVisualStudioVersion = 10.0.40219.1
Project("{FAE04EC0-301F-11D3-BF4B-00C04F79EFBC}") = "RPS", "RPS.csproj", "{90B75536-65B3-4D3D-A048-65D943DE6429}"
EndProject
Global
	GlobalSection(SolutionConfigurationPlatforms) = preSolution
		Debug|Any CPU = Debug|Any CPU
		Release|Any CPU = Release|Any CPU
	EndGlobalSection
	GlobalSection(ProjectConfigurationPlatforms) = postSolution
		{90B75536-65B3-4D3D-A048-65D943DE6429}.Debug|Any CPU.ActiveCfg = Debug|Any CPU
		{90B75536-65B3-4D3D-A048-65D943DE6429}.Debug|Any CPU.Build.0 = Debug|Any CPU
		{90B75536-65B3-4D3D-A048-65D943DE6429}.Release|Any CPU.ActiveCfg = Release|Any CPU
		{90B75536-65B3-4D3D-A048-65D943DE6429}.Release|Any CPU.Build.0 = Release|Any CPU
	EndGlobalSection
	GlobalSection(SolutionProperties) = preSolution
		HideSolutionNode = FALSE
	EndGlobalSection
	GlobalSection(ExtensibilityGlobals) = postSolution
		SolutionGuid = {FF301C01-E550-46AF-AD04-0CB54BD2B85C}
	EndGlobalSection
EndGlobal
